
Microsoft Visual Studio Solution File, Format Version 12.00
# Visual Studio 2013
VisualStudioVersion = 12.0.30723.0
MinimumVisualStudioVersion = 10.0.40219.1
Project("{FAE04EC0-301F-11D3-BF4B-00C04F79EFBC}") = "Server", "Server\Server.csproj", "{F84EDACB-78BF-459C-A072-E0321D4684F8}"
EndProject
Project("{FAE04EC0-301F-11D3-BF4B-00C04F79EFBC}") = "Client", "Client\Client.csproj", "{B075A585-76F6-4848-BC94-646A700120B6}"
EndProject
Global
	GlobalSection(SolutionConfigurationPlatforms) = preSolution
		Debug|Any CPU = Debug|Any CPU
		Release|Any CPU = Release|Any CPU
	EndGlobalSection
	GlobalSection(ProjectConfigurationPlatforms) = postSolution
		{F84EDACB-78BF-459C-A072-E0321D4684F8}.Debug|Any CPU.ActiveCfg = Debug|Any CPU
		{F84EDACB-78BF-459C-A072-E0321D4684F8}.Debug|Any CPU.Build.0 = Debug|Any CPU
		{F84EDACB-78BF-459C-A072-E0321D4684F8}.Release|Any CPU.ActiveCfg = Release|Any CPU
		{F84EDACB-78BF-459C-A072-E0321D4684F8}.Release|Any CPU.Build.0 = Release|Any CPU
		{B075A585-76F6-4848-BC94-646A700120B6}.Debug|Any CPU.ActiveCfg = Debug|Any CPU
		{B075A585-76F6-4848-BC94-646A700120B6}.Debug|Any CPU.Build.0 = Debug|Any CPU
		{B075A585-76F6-4848-BC94-646A700120B6}.Release|Any CPU.ActiveCfg = Release|Any CPU
		{B075A585-76F6-4848-BC94-646A700120B6}.Release|Any CPU.Build.0 = Release|Any CPU
	EndGlobalSection
	GlobalSection(SolutionProperties) = preSolution
		HideSolutionNode = FALSE
	EndGlobalSection
EndGlobal
